// !$*UTF8*$!
{
	archiveVersion = 1;
	classes = {
	};
	objectVersion = 52;
	objects = {

/* Begin PBXBuildFile section */
		040F614A23B469E100147331 /* KingfisherSwiftUI in Frameworks */ = {isa = PBXBuildFile; productRef = 040F614923B469E100147331 /* KingfisherSwiftUI */; };
		040F614C23B469E100147331 /* Kingfisher in Frameworks */ = {isa = PBXBuildFile; productRef = 040F614B23B469E100147331 /* Kingfisher */; };
		040F614E23B4707E00147331 /* README.md in Resources */ = {isa = PBXBuildFile; fileRef = 040F614D23B4707E00147331 /* README.md */; };
		0412FF0F23AE9E1E000AF5FA /* SpotifyAppleScriptInterfaceTests.swift in Sources */ = {isa = PBXBuildFile; fileRef = 0412FF0E23AE9E1E000AF5FA /* SpotifyAppleScriptInterfaceTests.swift */; };
		041E0E6423B5B6200066CAEF /* ProgressBar.swift in Sources */ = {isa = PBXBuildFile; fileRef = 041E0E6323B5B6200066CAEF /* ProgressBar.swift */; };
		042871BE23BD917800FFB5E8 /* PlayerControls.swift in Sources */ = {isa = PBXBuildFile; fileRef = 042871BD23BD917800FFB5E8 /* PlayerControls.swift */; };
		042871C023BD9ED900FFB5E8 /* CustomSlider.swift in Sources */ = {isa = PBXBuildFile; fileRef = 042871BF23BD9ED900FFB5E8 /* CustomSlider.swift */; };
		04A6497023B325FC0097ED68 /* PlayerWindow.swift in Sources */ = {isa = PBXBuildFile; fileRef = 04A6496F23B325FC0097ED68 /* PlayerWindow.swift */; };
		04D6A98123AC167200E08B62 /* AppDelegate.swift in Sources */ = {isa = PBXBuildFile; fileRef = 04D6A98023AC167200E08B62 /* AppDelegate.swift */; };
		04D6A98323AC167200E08B62 /* PlayerView.swift in Sources */ = {isa = PBXBuildFile; fileRef = 04D6A98223AC167200E08B62 /* PlayerView.swift */; };
		04D6A98523AC167300E08B62 /* Assets.xcassets in Resources */ = {isa = PBXBuildFile; fileRef = 04D6A98423AC167300E08B62 /* Assets.xcassets */; };
		04D6A98823AC167300E08B62 /* Preview Assets.xcassets in Resources */ = {isa = PBXBuildFile; fileRef = 04D6A98723AC167300E08B62 /* Preview Assets.xcassets */; };
		04D6A98B23AC167300E08B62 /* Main.storyboard in Resources */ = {isa = PBXBuildFile; fileRef = 04D6A98923AC167300E08B62 /* Main.storyboard */; };
		04D6A9A223AC167300E08B62 /* TrackListUITests.swift in Sources */ = {isa = PBXBuildFile; fileRef = 04D6A9A123AC167300E08B62 /* TrackListUITests.swift */; };
		04D6A9B523AC8B6600E08B62 /* WrappedAppleScriptInterface.swift in Sources */ = {isa = PBXBuildFile; fileRef = 04D6A9B423AC8B6600E08B62 /* WrappedAppleScriptInterface.swift */; };
		04D6A9B723ACBE5A00E08B62 /* SpotifyInterface.scpt in Resources */ = {isa = PBXBuildFile; fileRef = 04D6A9B623ACBE5A00E08B62 /* SpotifyInterface.scpt */; };
		04D6A9B923AD509F00E08B62 /* AppleScriptInterface.swift in Sources */ = {isa = PBXBuildFile; fileRef = 04D6A9B823AD509F00E08B62 /* AppleScriptInterface.swift */; };
		04D6A9C523AD715800E08B62 /* AppleScriptObjC.framework in Frameworks */ = {isa = PBXBuildFile; fileRef = 04D6A9BB23AD702E00E08B62 /* AppleScriptObjC.framework */; settings = {ATTRIBUTES = (Required, ); }; };
		04EC674C23B7E24C00287805 /* CircleButton.swift in Sources */ = {isa = PBXBuildFile; fileRef = 04EC674B23B7E24C00287805 /* CircleButton.swift */; };
/* End PBXBuildFile section */

/* Begin PBXContainerItemProxy section */
		04D6A99323AC167300E08B62 /* PBXContainerItemProxy */ = {
			isa = PBXContainerItemProxy;
			containerPortal = 04D6A97523AC167200E08B62 /* Project object */;
			proxyType = 1;
			remoteGlobalIDString = 04D6A97C23AC167200E08B62;
			remoteInfo = TrackList;
		};
		04D6A99E23AC167300E08B62 /* PBXContainerItemProxy */ = {
			isa = PBXContainerItemProxy;
			containerPortal = 04D6A97523AC167200E08B62 /* Project object */;
			proxyType = 1;
			remoteGlobalIDString = 04D6A97C23AC167200E08B62;
			remoteInfo = TrackList;
		};
/* End PBXContainerItemProxy section */

/* Begin PBXFileReference section */
		040F614D23B4707E00147331 /* README.md */ = {isa = PBXFileReference; fileEncoding = 4; lastKnownFileType = net.daringfireball.markdown; path = README.md; sourceTree = SOURCE_ROOT; };
		0412FF0E23AE9E1E000AF5FA /* SpotifyAppleScriptInterfaceTests.swift */ = {isa = PBXFileReference; lastKnownFileType = sourcecode.swift; path = SpotifyAppleScriptInterfaceTests.swift; sourceTree = "<group>"; };
		041E0E6323B5B6200066CAEF /* ProgressBar.swift */ = {isa = PBXFileReference; lastKnownFileType = sourcecode.swift; path = ProgressBar.swift; sourceTree = "<group>"; };
		042871BD23BD917800FFB5E8 /* PlayerControls.swift */ = {isa = PBXFileReference; lastKnownFileType = sourcecode.swift; path = PlayerControls.swift; sourceTree = "<group>"; };
		042871BF23BD9ED900FFB5E8 /* CustomSlider.swift */ = {isa = PBXFileReference; lastKnownFileType = sourcecode.swift; path = CustomSlider.swift; sourceTree = "<group>"; };
		04A6496F23B325FC0097ED68 /* PlayerWindow.swift */ = {isa = PBXFileReference; lastKnownFileType = sourcecode.swift; path = PlayerWindow.swift; sourceTree = "<group>"; };
		04D6A97D23AC167200E08B62 /* TrackList.app */ = {isa = PBXFileReference; explicitFileType = wrapper.application; includeInIndex = 0; path = TrackList.app; sourceTree = BUILT_PRODUCTS_DIR; };
		04D6A98023AC167200E08B62 /* AppDelegate.swift */ = {isa = PBXFileReference; lastKnownFileType = sourcecode.swift; path = AppDelegate.swift; sourceTree = "<group>"; };
		04D6A98223AC167200E08B62 /* PlayerView.swift */ = {isa = PBXFileReference; lastKnownFileType = sourcecode.swift; path = PlayerView.swift; sourceTree = "<group>"; };
		04D6A98423AC167300E08B62 /* Assets.xcassets */ = {isa = PBXFileReference; lastKnownFileType = folder.assetcatalog; path = Assets.xcassets; sourceTree = "<group>"; };
		04D6A98723AC167300E08B62 /* Preview Assets.xcassets */ = {isa = PBXFileReference; lastKnownFileType = folder.assetcatalog; path = "Preview Assets.xcassets"; sourceTree = "<group>"; };
		04D6A98A23AC167300E08B62 /* Base */ = {isa = PBXFileReference; lastKnownFileType = file.storyboard; name = Base; path = Base.lproj/Main.storyboard; sourceTree = "<group>"; };
		04D6A98C23AC167300E08B62 /* Info.plist */ = {isa = PBXFileReference; lastKnownFileType = text.plist.xml; path = Info.plist; sourceTree = "<group>"; };
		04D6A98D23AC167300E08B62 /* TrackList.entitlements */ = {isa = PBXFileReference; lastKnownFileType = text.plist.entitlements; path = TrackList.entitlements; sourceTree = "<group>"; };
		04D6A99223AC167300E08B62 /* TrackListTests.xctest */ = {isa = PBXFileReference; explicitFileType = wrapper.cfbundle; includeInIndex = 0; path = TrackListTests.xctest; sourceTree = BUILT_PRODUCTS_DIR; };
		04D6A99823AC167300E08B62 /* Info.plist */ = {isa = PBXFileReference; lastKnownFileType = text.plist.xml; path = Info.plist; sourceTree = "<group>"; };
		04D6A99D23AC167300E08B62 /* TrackListUITests.xctest */ = {isa = PBXFileReference; explicitFileType = wrapper.cfbundle; includeInIndex = 0; path = TrackListUITests.xctest; sourceTree = BUILT_PRODUCTS_DIR; };
		04D6A9A123AC167300E08B62 /* TrackListUITests.swift */ = {isa = PBXFileReference; lastKnownFileType = sourcecode.swift; path = TrackListUITests.swift; sourceTree = "<group>"; };
		04D6A9A323AC167300E08B62 /* Info.plist */ = {isa = PBXFileReference; lastKnownFileType = text.plist.xml; path = Info.plist; sourceTree = "<group>"; };
		04D6A9B423AC8B6600E08B62 /* WrappedAppleScriptInterface.swift */ = {isa = PBXFileReference; lastKnownFileType = sourcecode.swift; path = WrappedAppleScriptInterface.swift; sourceTree = "<group>"; };
		04D6A9B623ACBE5A00E08B62 /* SpotifyInterface.scpt */ = {isa = PBXFileReference; lastKnownFileType = file; path = SpotifyInterface.scpt; sourceTree = "<group>"; };
		04D6A9B823AD509F00E08B62 /* AppleScriptInterface.swift */ = {isa = PBXFileReference; lastKnownFileType = sourcecode.swift; path = AppleScriptInterface.swift; sourceTree = "<group>"; };
		04D6A9BB23AD702E00E08B62 /* AppleScriptObjC.framework */ = {isa = PBXFileReference; lastKnownFileType = wrapper.framework; name = AppleScriptObjC.framework; path = System/Library/Frameworks/AppleScriptObjC.framework; sourceTree = SDKROOT; };
		04EC674B23B7E24C00287805 /* CircleButton.swift */ = {isa = PBXFileReference; lastKnownFileType = sourcecode.swift; path = CircleButton.swift; sourceTree = "<group>"; };
/* End PBXFileReference section */

/* Begin PBXFrameworksBuildPhase section */
		04D6A97A23AC167200E08B62 /* Frameworks */ = {
			isa = PBXFrameworksBuildPhase;
			buildActionMask = 2147483647;
			files = (
				040F614C23B469E100147331 /* Kingfisher in Frameworks */,
				040F614A23B469E100147331 /* KingfisherSwiftUI in Frameworks */,
				04D6A9C523AD715800E08B62 /* AppleScriptObjC.framework in Frameworks */,
			);
			runOnlyForDeploymentPostprocessing = 0;
		};
		04D6A98F23AC167300E08B62 /* Frameworks */ = {
			isa = PBXFrameworksBuildPhase;
			buildActionMask = 2147483647;
			files = (
			);
			runOnlyForDeploymentPostprocessing = 0;
		};
		04D6A99A23AC167300E08B62 /* Frameworks */ = {
			isa = PBXFrameworksBuildPhase;
			buildActionMask = 2147483647;
			files = (
			);
			runOnlyForDeploymentPostprocessing = 0;
		};
/* End PBXFrameworksBuildPhase section */

/* Begin PBXGroup section */
		041E0E6223B5B5D60066CAEF /* SwiftUI */ = {
			isa = PBXGroup;
			children = (
				04D6A98223AC167200E08B62 /* PlayerView.swift */,
				042871BD23BD917800FFB5E8 /* PlayerControls.swift */,
				041E0E6323B5B6200066CAEF /* ProgressBar.swift */,
				04EC674B23B7E24C00287805 /* CircleButton.swift */,
				042871BF23BD9ED900FFB5E8 /* CustomSlider.swift */,
			);
			path = SwiftUI;
			sourceTree = "<group>";
		};
		04D6A97423AC167200E08B62 = {
			isa = PBXGroup;
			children = (
				040F614D23B4707E00147331 /* README.md */,
				04D6A97F23AC167200E08B62 /* TrackList */,
				04D6A99523AC167300E08B62 /* TrackListTests */,
				04D6A9A023AC167300E08B62 /* TrackListUITests */,
				04D6A97E23AC167200E08B62 /* Products */,
				04D6A9BA23AD702E00E08B62 /* Frameworks */,
			);
			sourceTree = "<group>";
		};
		04D6A97E23AC167200E08B62 /* Products */ = {
			isa = PBXGroup;
			children = (
				04D6A97D23AC167200E08B62 /* TrackList.app */,
				04D6A99223AC167300E08B62 /* TrackListTests.xctest */,
				04D6A99D23AC167300E08B62 /* TrackListUITests.xctest */,
			);
			name = Products;
			sourceTree = "<group>";
		};
		04D6A97F23AC167200E08B62 /* TrackList */ = {
			isa = PBXGroup;
			children = (
				04D6A98023AC167200E08B62 /* AppDelegate.swift */,
				04A6496F23B325FC0097ED68 /* PlayerWindow.swift */,
				041E0E6223B5B5D60066CAEF /* SwiftUI */,
				04D6A9B023AC869B00E08B62 /* AppleScript Interface */,
				04D6A98423AC167300E08B62 /* Assets.xcassets */,
				04D6A98923AC167300E08B62 /* Main.storyboard */,
				04D6A98C23AC167300E08B62 /* Info.plist */,
				04D6A98D23AC167300E08B62 /* TrackList.entitlements */,
				04D6A98623AC167300E08B62 /* Preview Content */,
			);
			path = TrackList;
			sourceTree = "<group>";
		};
		04D6A98623AC167300E08B62 /* Preview Content */ = {
			isa = PBXGroup;
			children = (
				04D6A98723AC167300E08B62 /* Preview Assets.xcassets */,
			);
			path = "Preview Content";
			sourceTree = "<group>";
		};
		04D6A99523AC167300E08B62 /* TrackListTests */ = {
			isa = PBXGroup;
			children = (
				0412FF0E23AE9E1E000AF5FA /* SpotifyAppleScriptInterfaceTests.swift */,
				04D6A99823AC167300E08B62 /* Info.plist */,
			);
			path = TrackListTests;
			sourceTree = "<group>";
		};
		04D6A9A023AC167300E08B62 /* TrackListUITests */ = {
			isa = PBXGroup;
			children = (
				04D6A9A123AC167300E08B62 /* TrackListUITests.swift */,
				04D6A9A323AC167300E08B62 /* Info.plist */,
			);
			path = TrackListUITests;
			sourceTree = "<group>";
		};
		04D6A9B023AC869B00E08B62 /* AppleScript Interface */ = {
			isa = PBXGroup;
			children = (
				04D6A9B823AD509F00E08B62 /* AppleScriptInterface.swift */,
				04D6A9B423AC8B6600E08B62 /* WrappedAppleScriptInterface.swift */,
				04D6A9B623ACBE5A00E08B62 /* SpotifyInterface.scpt */,
			);
			path = "AppleScript Interface";
			sourceTree = "<group>";
		};
		04D6A9BA23AD702E00E08B62 /* Frameworks */ = {
			isa = PBXGroup;
			children = (
				04D6A9BB23AD702E00E08B62 /* AppleScriptObjC.framework */,
			);
			name = Frameworks;
			sourceTree = "<group>";
		};
/* End PBXGroup section */

/* Begin PBXNativeTarget section */
		04D6A97C23AC167200E08B62 /* TrackList */ = {
			isa = PBXNativeTarget;
			buildConfigurationList = 04D6A9A623AC167300E08B62 /* Build configuration list for PBXNativeTarget "TrackList" */;
			buildPhases = (
				04D6A97923AC167200E08B62 /* Sources */,
				04D6A97A23AC167200E08B62 /* Frameworks */,
				04D6A97B23AC167200E08B62 /* Resources */,
			);
			buildRules = (
			);
			dependencies = (
			);
			name = TrackList;
			packageProductDependencies = (
				040F614923B469E100147331 /* KingfisherSwiftUI */,
				040F614B23B469E100147331 /* Kingfisher */,
			);
			productName = TrackList;
			productReference = 04D6A97D23AC167200E08B62 /* TrackList.app */;
			productType = "com.apple.product-type.application";
		};
		04D6A99123AC167300E08B62 /* TrackListTests */ = {
			isa = PBXNativeTarget;
			buildConfigurationList = 04D6A9A923AC167300E08B62 /* Build configuration list for PBXNativeTarget "TrackListTests" */;
			buildPhases = (
				04D6A98E23AC167300E08B62 /* Sources */,
				04D6A98F23AC167300E08B62 /* Frameworks */,
				04D6A99023AC167300E08B62 /* Resources */,
			);
			buildRules = (
			);
			dependencies = (
				04D6A99423AC167300E08B62 /* PBXTargetDependency */,
			);
			name = TrackListTests;
			productName = TrackListTests;
			productReference = 04D6A99223AC167300E08B62 /* TrackListTests.xctest */;
			productType = "com.apple.product-type.bundle.unit-test";
		};
		04D6A99C23AC167300E08B62 /* TrackListUITests */ = {
			isa = PBXNativeTarget;
			buildConfigurationList = 04D6A9AC23AC167300E08B62 /* Build configuration list for PBXNativeTarget "TrackListUITests" */;
			buildPhases = (
				04D6A99923AC167300E08B62 /* Sources */,
				04D6A99A23AC167300E08B62 /* Frameworks */,
				04D6A99B23AC167300E08B62 /* Resources */,
			);
			buildRules = (
			);
			dependencies = (
				04D6A99F23AC167300E08B62 /* PBXTargetDependency */,
			);
			name = TrackListUITests;
			productName = TrackListUITests;
			productReference = 04D6A99D23AC167300E08B62 /* TrackListUITests.xctest */;
			productType = "com.apple.product-type.bundle.ui-testing";
		};
/* End PBXNativeTarget section */

/* Begin PBXProject section */
		04D6A97523AC167200E08B62 /* Project object */ = {
			isa = PBXProject;
			attributes = {
				LastSwiftUpdateCheck = 1130;
				LastUpgradeCheck = 1130;
				ORGANIZATIONNAME = "Jack Wiig";
				TargetAttributes = {
					04D6A97C23AC167200E08B62 = {
						CreatedOnToolsVersion = 11.3;
					};
					04D6A99123AC167300E08B62 = {
						CreatedOnToolsVersion = 11.3;
						TestTargetID = 04D6A97C23AC167200E08B62;
					};
					04D6A99C23AC167300E08B62 = {
						CreatedOnToolsVersion = 11.3;
						TestTargetID = 04D6A97C23AC167200E08B62;
					};
				};
			};
			buildConfigurationList = 04D6A97823AC167200E08B62 /* Build configuration list for PBXProject "TrackList" */;
			compatibilityVersion = "Xcode 9.3";
			developmentRegion = en;
			hasScannedForEncodings = 0;
			knownRegions = (
				en,
				Base,
			);
			mainGroup = 04D6A97423AC167200E08B62;
			packageReferences = (
				040F614823B469E100147331 /* XCRemoteSwiftPackageReference "Kingfisher" */,
			);
			productRefGroup = 04D6A97E23AC167200E08B62 /* Products */;
			projectDirPath = "";
			projectRoot = "";
			targets = (
				04D6A97C23AC167200E08B62 /* TrackList */,
				04D6A99123AC167300E08B62 /* TrackListTests */,
				04D6A99C23AC167300E08B62 /* TrackListUITests */,
			);
		};
/* End PBXProject section */

/* Begin PBXResourcesBuildPhase section */
		04D6A97B23AC167200E08B62 /* Resources */ = {
			isa = PBXResourcesBuildPhase;
			buildActionMask = 2147483647;
			files = (
				04D6A9B723ACBE5A00E08B62 /* SpotifyInterface.scpt in Resources */,
				04D6A98B23AC167300E08B62 /* Main.storyboard in Resources */,
				040F614E23B4707E00147331 /* README.md in Resources */,
				04D6A98823AC167300E08B62 /* Preview Assets.xcassets in Resources */,
				04D6A98523AC167300E08B62 /* Assets.xcassets in Resources */,
			);
			runOnlyForDeploymentPostprocessing = 0;
		};
		04D6A99023AC167300E08B62 /* Resources */ = {
			isa = PBXResourcesBuildPhase;
			buildActionMask = 2147483647;
			files = (
			);
			runOnlyForDeploymentPostprocessing = 0;
		};
		04D6A99B23AC167300E08B62 /* Resources */ = {
			isa = PBXResourcesBuildPhase;
			buildActionMask = 2147483647;
			files = (
			);
			runOnlyForDeploymentPostprocessing = 0;
		};
/* End PBXResourcesBuildPhase section */

/* Begin PBXSourcesBuildPhase section */
		04D6A97923AC167200E08B62 /* Sources */ = {
			isa = PBXSourcesBuildPhase;
			buildActionMask = 2147483647;
			files = (
				042871BE23BD917800FFB5E8 /* PlayerControls.swift in Sources */,
				042871C023BD9ED900FFB5E8 /* CustomSlider.swift in Sources */,
				04EC674C23B7E24C00287805 /* CircleButton.swift in Sources */,
				04D6A98323AC167200E08B62 /* PlayerView.swift in Sources */,
				04D6A9B523AC8B6600E08B62 /* WrappedAppleScriptInterface.swift in Sources */,
				04D6A9B923AD509F00E08B62 /* AppleScriptInterface.swift in Sources */,
				04A6497023B325FC0097ED68 /* PlayerWindow.swift in Sources */,
				041E0E6423B5B6200066CAEF /* ProgressBar.swift in Sources */,
				04D6A98123AC167200E08B62 /* AppDelegate.swift in Sources */,
			);
			runOnlyForDeploymentPostprocessing = 0;
		};
		04D6A98E23AC167300E08B62 /* Sources */ = {
			isa = PBXSourcesBuildPhase;
			buildActionMask = 2147483647;
			files = (
				0412FF0F23AE9E1E000AF5FA /* SpotifyAppleScriptInterfaceTests.swift in Sources */,
			);
			runOnlyForDeploymentPostprocessing = 0;
		};
		04D6A99923AC167300E08B62 /* Sources */ = {
			isa = PBXSourcesBuildPhase;
			buildActionMask = 2147483647;
			files = (
				04D6A9A223AC167300E08B62 /* TrackListUITests.swift in Sources */,
			);
			runOnlyForDeploymentPostprocessing = 0;
		};
/* End PBXSourcesBuildPhase section */

/* Begin PBXTargetDependency section */
		04D6A99423AC167300E08B62 /* PBXTargetDependency */ = {
			isa = PBXTargetDependency;
			target = 04D6A97C23AC167200E08B62 /* TrackList */;
			targetProxy = 04D6A99323AC167300E08B62 /* PBXContainerItemProxy */;
		};
		04D6A99F23AC167300E08B62 /* PBXTargetDependency */ = {
			isa = PBXTargetDependency;
			target = 04D6A97C23AC167200E08B62 /* TrackList */;
			targetProxy = 04D6A99E23AC167300E08B62 /* PBXContainerItemProxy */;
		};
/* End PBXTargetDependency section */

/* Begin PBXVariantGroup section */
		04D6A98923AC167300E08B62 /* Main.storyboard */ = {
			isa = PBXVariantGroup;
			children = (
				04D6A98A23AC167300E08B62 /* Base */,
			);
			name = Main.storyboard;
			sourceTree = "<group>";
		};
/* End PBXVariantGroup section */

/* Begin XCBuildConfiguration section */
		04D6A9A423AC167300E08B62 /* Debug */ = {
			isa = XCBuildConfiguration;
			buildSettings = {
				ALWAYS_SEARCH_USER_PATHS = NO;
				CLANG_ANALYZER_NONNULL = YES;
				CLANG_ANALYZER_NUMBER_OBJECT_CONVERSION = YES_AGGRESSIVE;
				CLANG_CXX_LANGUAGE_STANDARD = "gnu++14";
				CLANG_CXX_LIBRARY = "libc++";
				CLANG_ENABLE_MODULES = YES;
				CLANG_ENABLE_OBJC_ARC = YES;
				CLANG_ENABLE_OBJC_WEAK = YES;
				CLANG_WARN_BLOCK_CAPTURE_AUTORELEASING = YES;
				CLANG_WARN_BOOL_CONVERSION = YES;
				CLANG_WARN_COMMA = YES;
				CLANG_WARN_CONSTANT_CONVERSION = YES;
				CLANG_WARN_DEPRECATED_OBJC_IMPLEMENTATIONS = YES;
				CLANG_WARN_DIRECT_OBJC_ISA_USAGE = YES_ERROR;
				CLANG_WARN_DOCUMENTATION_COMMENTS = YES;
				CLANG_WARN_EMPTY_BODY = YES;
				CLANG_WARN_ENUM_CONVERSION = YES;
				CLANG_WARN_INFINITE_RECURSION = YES;
				CLANG_WARN_INT_CONVERSION = YES;
				CLANG_WARN_NON_LITERAL_NULL_CONVERSION = YES;
				CLANG_WARN_OBJC_IMPLICIT_RETAIN_SELF = YES;
				CLANG_WARN_OBJC_LITERAL_CONVERSION = YES;
				CLANG_WARN_OBJC_ROOT_CLASS = YES_ERROR;
				CLANG_WARN_RANGE_LOOP_ANALYSIS = YES;
				CLANG_WARN_STRICT_PROTOTYPES = YES;
				CLANG_WARN_SUSPICIOUS_MOVE = YES;
				CLANG_WARN_UNGUARDED_AVAILABILITY = YES_AGGRESSIVE;
				CLANG_WARN_UNREACHABLE_CODE = YES;
				CLANG_WARN__DUPLICATE_METHOD_MATCH = YES;
				COPY_PHASE_STRIP = NO;
				DEBUG_INFORMATION_FORMAT = dwarf;
				ENABLE_STRICT_OBJC_MSGSEND = YES;
				ENABLE_TESTABILITY = YES;
				GCC_C_LANGUAGE_STANDARD = gnu11;
				GCC_DYNAMIC_NO_PIC = NO;
				GCC_NO_COMMON_BLOCKS = YES;
				GCC_OPTIMIZATION_LEVEL = 0;
				GCC_PREPROCESSOR_DEFINITIONS = (
					"DEBUG=1",
					"$(inherited)",
				);
				GCC_WARN_64_TO_32_BIT_CONVERSION = YES;
				GCC_WARN_ABOUT_RETURN_TYPE = YES_ERROR;
				GCC_WARN_UNDECLARED_SELECTOR = YES;
				GCC_WARN_UNINITIALIZED_AUTOS = YES_AGGRESSIVE;
				GCC_WARN_UNUSED_FUNCTION = YES;
				GCC_WARN_UNUSED_VARIABLE = YES;
				MACOSX_DEPLOYMENT_TARGET = 10.15;
				MTL_ENABLE_DEBUG_INFO = INCLUDE_SOURCE;
				MTL_FAST_MATH = YES;
				ONLY_ACTIVE_ARCH = YES;
				SDKROOT = macosx;
				SWIFT_ACTIVE_COMPILATION_CONDITIONS = DEBUG;
				SWIFT_OPTIMIZATION_LEVEL = "-Onone";
			};
			name = Debug;
		};
		04D6A9A523AC167300E08B62 /* Release */ = {
			isa = XCBuildConfiguration;
			buildSettings = {
				ALWAYS_SEARCH_USER_PATHS = NO;
				CLANG_ANALYZER_NONNULL = YES;
				CLANG_ANALYZER_NUMBER_OBJECT_CONVERSION = YES_AGGRESSIVE;
				CLANG_CXX_LANGUAGE_STANDARD = "gnu++14";
				CLANG_CXX_LIBRARY = "libc++";
				CLANG_ENABLE_MODULES = YES;
				CLANG_ENABLE_OBJC_ARC = YES;
				CLANG_ENABLE_OBJC_WEAK = YES;
				CLANG_WARN_BLOCK_CAPTURE_AUTORELEASING = YES;
				CLANG_WARN_BOOL_CONVERSION = YES;
				CLANG_WARN_COMMA = YES;
				CLANG_WARN_CONSTANT_CONVERSION = YES;
				CLANG_WARN_DEPRECATED_OBJC_IMPLEMENTATIONS = YES;
				CLANG_WARN_DIRECT_OBJC_ISA_USAGE = YES_ERROR;
				CLANG_WARN_DOCUMENTATION_COMMENTS = YES;
				CLANG_WARN_EMPTY_BODY = YES;
				CLANG_WARN_ENUM_CONVERSION = YES;
				CLANG_WARN_INFINITE_RECURSION = YES;
				CLANG_WARN_INT_CONVERSION = YES;
				CLANG_WARN_NON_LITERAL_NULL_CONVERSION = YES;
				CLANG_WARN_OBJC_IMPLICIT_RETAIN_SELF = YES;
				CLANG_WARN_OBJC_LITERAL_CONVERSION = YES;
				CLANG_WARN_OBJC_ROOT_CLASS = YES_ERROR;
				CLANG_WARN_RANGE_LOOP_ANALYSIS = YES;
				CLANG_WARN_STRICT_PROTOTYPES = YES;
				CLANG_WARN_SUSPICIOUS_MOVE = YES;
				CLANG_WARN_UNGUARDED_AVAILABILITY = YES_AGGRESSIVE;
				CLANG_WARN_UNREACHABLE_CODE = YES;
				CLANG_WARN__DUPLICATE_METHOD_MATCH = YES;
				COPY_PHASE_STRIP = NO;
				DEBUG_INFORMATION_FORMAT = "dwarf-with-dsym";
				ENABLE_NS_ASSERTIONS = NO;
				ENABLE_STRICT_OBJC_MSGSEND = YES;
				GCC_C_LANGUAGE_STANDARD = gnu11;
				GCC_NO_COMMON_BLOCKS = YES;
				GCC_WARN_64_TO_32_BIT_CONVERSION = YES;
				GCC_WARN_ABOUT_RETURN_TYPE = YES_ERROR;
				GCC_WARN_UNDECLARED_SELECTOR = YES;
				GCC_WARN_UNINITIALIZED_AUTOS = YES_AGGRESSIVE;
				GCC_WARN_UNUSED_FUNCTION = YES;
				GCC_WARN_UNUSED_VARIABLE = YES;
				MACOSX_DEPLOYMENT_TARGET = 10.15;
				MTL_ENABLE_DEBUG_INFO = NO;
				MTL_FAST_MATH = YES;
				SDKROOT = macosx;
				SWIFT_COMPILATION_MODE = wholemodule;
				SWIFT_OPTIMIZATION_LEVEL = "-O";
			};
			name = Release;
		};
		04D6A9A723AC167300E08B62 /* Debug */ = {
			isa = XCBuildConfiguration;
			buildSettings = {
				ASSETCATALOG_COMPILER_APPICON_NAME = AppIcon;
				CODE_SIGN_ENTITLEMENTS = TrackList/TrackList.entitlements;
				CODE_SIGN_IDENTITY = "Apple Development";
				CODE_SIGN_STYLE = Automatic;
				COMBINE_HIDPI_IMAGES = YES;
				DEFINES_MODULE = NO;
				DEVELOPMENT_ASSET_PATHS = "\"TrackList/Preview Content\"";
				DEVELOPMENT_TEAM = W2XH96Q4VF;
				ENABLE_HARDENED_RUNTIME = YES;
				ENABLE_PREVIEWS = YES;
				INFOPLIST_FILE = TrackList/Info.plist;
				LD_RUNPATH_SEARCH_PATHS = (
					"$(inherited)",
					"@executable_path/../Frameworks",
				);
				MACOSX_DEPLOYMENT_TARGET = 10.15;
				PRODUCT_BUNDLE_IDENTIFIER = jackwiig.TrackList;
				PRODUCT_NAME = "$(TARGET_NAME)";
				PROVISIONING_PROFILE_SPECIFIER = "";
				SWIFT_VERSION = 5.0;
			};
			name = Debug;
		};
		04D6A9A823AC167300E08B62 /* Release */ = {
			isa = XCBuildConfiguration;
			buildSettings = {
				ASSETCATALOG_COMPILER_APPICON_NAME = AppIcon;
				CODE_SIGN_ENTITLEMENTS = TrackList/TrackList.entitlements;
				CODE_SIGN_IDENTITY = "Apple Development";
				CODE_SIGN_STYLE = Automatic;
				COMBINE_HIDPI_IMAGES = YES;
				DEFINES_MODULE = NO;
				DEVELOPMENT_ASSET_PATHS = "\"TrackList/Preview Content\"";
				DEVELOPMENT_TEAM = W2XH96Q4VF;
				ENABLE_HARDENED_RUNTIME = YES;
				ENABLE_PREVIEWS = YES;
				INFOPLIST_FILE = TrackList/Info.plist;
				LD_RUNPATH_SEARCH_PATHS = (
					"$(inherited)",
					"@executable_path/../Frameworks",
				);
				MACOSX_DEPLOYMENT_TARGET = 10.15;
				PRODUCT_BUNDLE_IDENTIFIER = jackwiig.TrackList;
				PRODUCT_NAME = "$(TARGET_NAME)";
				PROVISIONING_PROFILE_SPECIFIER = "";
				SWIFT_VERSION = 5.0;
			};
			name = Release;
		};
		04D6A9AA23AC167300E08B62 /* Debug */ = {
			isa = XCBuildConfiguration;
			buildSettings = {
				ALWAYS_EMBED_SWIFT_STANDARD_LIBRARIES = YES;
				BUNDLE_LOADER = "$(TEST_HOST)";
				CODE_SIGN_STYLE = Automatic;
				COMBINE_HIDPI_IMAGES = YES;
				DEVELOPMENT_TEAM = W2XH96Q4VF;
				INFOPLIST_FILE = TrackListTests/Info.plist;
				LD_RUNPATH_SEARCH_PATHS = (
					"$(inherited)",
					"@executable_path/../Frameworks",
					"@loader_path/../Frameworks",
				);
				MACOSX_DEPLOYMENT_TARGET = 10.15;
				PRODUCT_BUNDLE_IDENTIFIER = jackwiig.TrackListTests;
				PRODUCT_NAME = "$(TARGET_NAME)";
				SWIFT_VERSION = 5.0;
				TEST_HOST = "$(BUILT_PRODUCTS_DIR)/TrackList.app/Contents/MacOS/TrackList";
			};
			name = Debug;
		};
		04D6A9AB23AC167300E08B62 /* Release */ = {
			isa = XCBuildConfiguration;
			buildSettings = {
				ALWAYS_EMBED_SWIFT_STANDARD_LIBRARIES = YES;
				BUNDLE_LOADER = "$(TEST_HOST)";
				CODE_SIGN_STYLE = Automatic;
				COMBINE_HIDPI_IMAGES = YES;
				DEVELOPMENT_TEAM = W2XH96Q4VF;
				INFOPLIST_FILE = TrackListTests/Info.plist;
				LD_RUNPATH_SEARCH_PATHS = (
					"$(inherited)",
					"@executable_path/../Frameworks",
					"@loader_path/../Frameworks",
				);
				MACOSX_DEPLOYMENT_TARGET = 10.15;
				PRODUCT_BUNDLE_IDENTIFIER = jackwiig.TrackListTests;
				PRODUCT_NAME = "$(TARGET_NAME)";
				SWIFT_VERSION = 5.0;
				TEST_HOST = "$(BUILT_PRODUCTS_DIR)/TrackList.app/Contents/MacOS/TrackList";
			};
			name = Release;
		};
		04D6A9AD23AC167300E08B62 /* Debug */ = {
			isa = XCBuildConfiguration;
			buildSettings = {
				ALWAYS_EMBED_SWIFT_STANDARD_LIBRARIES = YES;
				CODE_SIGN_STYLE = Automatic;
				COMBINE_HIDPI_IMAGES = YES;
				DEVELOPMENT_TEAM = W2XH96Q4VF;
				INFOPLIST_FILE = TrackListUITests/Info.plist;
				LD_RUNPATH_SEARCH_PATHS = (
					"$(inherited)",
					"@executable_path/../Frameworks",
					"@loader_path/../Frameworks",
				);
				PRODUCT_BUNDLE_IDENTIFIER = jackwiig.TrackListUITests;
				PRODUCT_NAME = "$(TARGET_NAME)";
				SWIFT_VERSION = 5.0;
				TEST_TARGET_NAME = TrackList;
			};
			name = Debug;
		};
		04D6A9AE23AC167300E08B62 /* Release */ = {
			isa = XCBuildConfiguration;
			buildSettings = {
				ALWAYS_EMBED_SWIFT_STANDARD_LIBRARIES = YES;
				CODE_SIGN_STYLE = Automatic;
				COMBINE_HIDPI_IMAGES = YES;
				DEVELOPMENT_TEAM = W2XH96Q4VF;
				INFOPLIST_FILE = TrackListUITests/Info.plist;
				LD_RUNPATH_SEARCH_PATHS = (
					"$(inherited)",
					"@executable_path/../Frameworks",
					"@loader_path/../Frameworks",
				);
				PRODUCT_BUNDLE_IDENTIFIER = jackwiig.TrackListUITests;
				PRODUCT_NAME = "$(TARGET_NAME)";
				SWIFT_VERSION = 5.0;
				TEST_TARGET_NAME = TrackList;
			};
			name = Release;
		};
/* End XCBuildConfiguration section */

/* Begin XCConfigurationList section */
		04D6A97823AC167200E08B62 /* Build configuration list for PBXProject "TrackList" */ = {
			isa = XCConfigurationList;
			buildConfigurations = (
				04D6A9A423AC167300E08B62 /* Debug */,
				04D6A9A523AC167300E08B62 /* Release */,
			);
			defaultConfigurationIsVisible = 0;
			defaultConfigurationName = Release;
		};
		04D6A9A623AC167300E08B62 /* Build configuration list for PBXNativeTarget "TrackList" */ = {
			isa = XCConfigurationList;
			buildConfigurations = (
				04D6A9A723AC167300E08B62 /* Debug */,
				04D6A9A823AC167300E08B62 /* Release */,
			);
			defaultConfigurationIsVisible = 0;
			defaultConfigurationName = Release;
		};
		04D6A9A923AC167300E08B62 /* Build configuration list for PBXNativeTarget "TrackListTests" */ = {
			isa = XCConfigurationList;
			buildConfigurations = (
				04D6A9AA23AC167300E08B62 /* Debug */,
				04D6A9AB23AC167300E08B62 /* Release */,
			);
			defaultConfigurationIsVisible = 0;
			defaultConfigurationName = Release;
		};
		04D6A9AC23AC167300E08B62 /* Build configuration list for PBXNativeTarget "TrackListUITests" */ = {
			isa = XCConfigurationList;
			buildConfigurations = (
				04D6A9AD23AC167300E08B62 /* Debug */,
				04D6A9AE23AC167300E08B62 /* Release */,
			);
			defaultConfigurationIsVisible = 0;
			defaultConfigurationName = Release;
		};
/* End XCConfigurationList section */

/* Begin XCRemoteSwiftPackageReference section */
		040F614823B469E100147331 /* XCRemoteSwiftPackageReference "Kingfisher" */ = {
			isa = XCRemoteSwiftPackageReference;
			repositoryURL = "https://github.com/onevcat/Kingfisher.git";
			requirement = {
				kind = upToNextMajorVersion;
				minimumVersion = 5.12.0;
			};
		};
/* End XCRemoteSwiftPackageReference section */

/* Begin XCSwiftPackageProductDependency section */
		040F614923B469E100147331 /* KingfisherSwiftUI */ = {
			isa = XCSwiftPackageProductDependency;
			package = 040F614823B469E100147331 /* XCRemoteSwiftPackageReference "Kingfisher" */;
			productName = KingfisherSwiftUI;
		};
		040F614B23B469E100147331 /* Kingfisher */ = {
			isa = XCSwiftPackageProductDependency;
			package = 040F614823B469E100147331 /* XCRemoteSwiftPackageReference "Kingfisher" */;
			productName = Kingfisher;
		};
/* End XCSwiftPackageProductDependency section */
	};
	rootObject = 04D6A97523AC167200E08B62 /* Project object */;
}
